github.com/rohandebsarkar/academic-folio/hugo-modules/responsive-images v0.0.0-20230124081403-94da88ec0ef2 h1:VMqDzUY3CEETHwboZH1V3b3wMwzqvpKb2l+QKY06a5Y=
github.com/rohandebsarkar/academic-folio/hugo-modules/responsive-images v0.0.0-20230124081403-94da88ec0ef2/go.mod h1:NH9ajEjFx1kNHujtufjFuk4TyofYyiXo5aqDIgRugME=
github.com/rohandebsarkar/academic-folio/hugo-modules/svg-icons v0.0.0-20230124065742-1359a58cf4e5 h1:faKpkJhIJeeKBGEjdhinPPU3jLDve77atxUXjQaSLFI=
github.com/rohandebsarkar/academic-folio/hugo-modules/svg-icons v0.0.0-20230124065742-1359a58cf4e5/go.mod h1:n1A6mJqqKaaEPqj5xd5SZqAjR21HDes8a2g/g0MLr8M=
