github.com/academic-folio/hugo-modules/responsive-images v0.0.0-20230123153711-afb088a6b19b h1:tYrnV6CEGpbL7Asg11IdqSo3LawVHO0zf4s3GJdy1Tw=
github.com/academic-folio/hugo-modules/responsive-images v0.0.0-20230123153711-afb088a6b19b/go.mod h1:aCz8OeO0sfGMZTQvMwIXkOtjYITfn2hAj03T2kAwkGw=
github.com/academic-folio/hugo-modules/svg-icon-system v0.0.0-20230123153711-afb088a6b19b h1:jCH16L+5pSv2I447zTK9gCtYHcivmhT4sU1ciDTUmeE=
github.com/academic-folio/hugo-modules/svg-icon-system v0.0.0-20230123153711-afb088a6b19b/go.mod h1:IQvp9TMIVvUGo2FWIPSNLNkgpwyqFpQskgxcWEJNWOw=
